
Microsoft Visual Studio Solution File, Format Version 12.00
# Visual Studio Version 17
VisualStudioVersion = 17.0.31717.71
MinimumVisualStudioVersion = 10.0.40219.1
Project("{9A19103F-16F7-4668-BE54-9A1E7A4F7556}") = "MyApplication", "MyApplication.csproj", "{0AFAD082-14E0-40E2-BCBE-627EDD5A15ED}"
EndProject
Global
	GlobalSection(SolutionConfigurationPlatforms) = preSolution
		Debug|Any CPU = Debug|Any CPU
		Release|Any CPU = Release|Any CPU
	EndGlobalSection
	GlobalSection(ProjectConfigurationPlatforms) = postSolution
		{0AFAD082-14E0-40E2-BCBE-627EDD5A15ED}.Debug|Any CPU.ActiveCfg = Debug|Any CPU
		{0AFAD082-14E0-40E2-BCBE-627EDD5A15ED}.Debug|Any CPU.Build.0 = Debug|Any CPU
		{0AFAD082-14E0-40E2-BCBE-627EDD5A15ED}.Release|Any CPU.ActiveCfg = Release|Any CPU
		{0AFAD082-14E0-40E2-BCBE-627EDD5A15ED}.Release|Any CPU.Build.0 = Release|Any CPU
	EndGlobalSection
	GlobalSection(SolutionProperties) = preSolution
		HideSolutionNode = FALSE
	EndGlobalSection
	GlobalSection(ExtensibilityGlobals) = postSolution
		SolutionGuid = {7ACC516C-F1DF-4E9A-937E-94411D6648D0}
	EndGlobalSection
EndGlobal